
Microsoft Visual Studio Solution File, Format Version 12.00
# Visual Studio Version 17
VisualStudioVersion = 17.13.35818.85 d17.13
MinimumVisualStudioVersion = 10.0.40219.1
Project("{FAE04EC0-301F-11D3-BF4B-00C04F79EFBC}") = "CentroDeSalud", "CentroDeSalud\CentroDeSalud.csproj", "{D9B094DE-F3A1-43C8-8BF6-0BFDBEBD7560}"
EndProject
Global
	GlobalSection(SolutionConfigurationPlatforms) = preSolution
		Debug|Any CPU = Debug|Any CPU
		Release|Any CPU = Release|Any CPU
	EndGlobalSection
	GlobalSection(ProjectConfigurationPlatforms) = postSolution
		{D9B094DE-F3A1-43C8-8BF6-0BFDBEBD7560}.Debug|Any CPU.ActiveCfg = Debug|Any CPU
		{D9B094DE-F3A1-43C8-8BF6-0BFDBEBD7560}.Debug|Any CPU.Build.0 = Debug|Any CPU
		{D9B094DE-F3A1-43C8-8BF6-0BFDBEBD7560}.Release|Any CPU.ActiveCfg = Release|Any CPU
		{D9B094DE-F3A1-43C8-8BF6-0BFDBEBD7560}.Release|Any CPU.Build.0 = Release|Any CPU
	EndGlobalSection
	GlobalSection(SolutionProperties) = preSolution
		HideSolutionNode = FALSE
	EndGlobalSection
	GlobalSection(ExtensibilityGlobals) = postSolution
		SolutionGuid = {0C6895B9-ED32-41B9-A6F0-CD748EF74C5B}
	EndGlobalSection
EndGlobal
